// !$*UTF8*$!
{
	archiveVersion = 1;
	classes = {
	};
	objectVersion = 46;
	objects = {

/* Begin PBXBuildFile section */
		C81A8C271BB8FC0500FD9FCB /* main.m in Sources */ = {isa = PBXBuildFile; fileRef = C81A8C261BB8FC0500FD9FCB /* main.m */; };
		C81A8C2A1BB8FC0500FD9FCB /* AppDelegate.m in Sources */ = {isa = PBXBuildFile; fileRef = C81A8C291BB8FC0500FD9FCB /* AppDelegate.m */; };
		C81A8C2D1BB8FC0500FD9FCB /* ViewController.m in Sources */ = {isa = PBXBuildFile; fileRef = C81A8C2C1BB8FC0500FD9FCB /* ViewController.m */; };
		C81A8C301BB8FC0500FD9FCB /* Main.storyboard in Resources */ = {isa = PBXBuildFile; fileRef = C81A8C2E1BB8FC0500FD9FCB /* Main.storyboard */; };
		C81A8C321BB8FC0500FD9FCB /* Images.xcassets in Resources */ = {isa = PBXBuildFile; fileRef = C81A8C311BB8FC0500FD9FCB /* Images.xcassets */; };
		C81A8C351BB8FC0500FD9FCB /* LaunchScreen.xib in Resources */ = {isa = PBXBuildFile; fileRef = C81A8C331BB8FC0500FD9FCB /* LaunchScreen.xib */; };
		C81A8C411BB8FC0500FD9FCB /* TipCalculatorTests.m in Sources */ = {isa = PBXBuildFile; fileRef = C81A8C401BB8FC0500FD9FCB /* TipCalculatorTests.m */; };
		C81A8C4D1BB8FD1500FD9FCB /* TipViewController.m in Sources */ = {isa = PBXBuildFile; fileRef = C81A8C4B1BB8FD1500FD9FCB /* TipViewController.m */; };
		C81A8C4E1BB8FD1500FD9FCB /* TipViewController.xib in Resources */ = {isa = PBXBuildFile; fileRef = C81A8C4C1BB8FD1500FD9FCB /* TipViewController.xib */; };
		C83467B81BBE179D004CC0BC /* SettingsViewController.m in Sources */ = {isa = PBXBuildFile; fileRef = C83467B61BBE179D004CC0BC /* SettingsViewController.m */; };
		C83467B91BBE179D004CC0BC /* SettingsViewController.xib in Resources */ = {isa = PBXBuildFile; fileRef = C83467B71BBE179D004CC0BC /* SettingsViewController.xib */; };
/* End PBXBuildFile section */

/* Begin PBXContainerItemProxy section */
		C81A8C3B1BB8FC0500FD9FCB /* PBXContainerItemProxy */ = {
			isa = PBXContainerItemProxy;
			containerPortal = C81A8C191BB8FC0500FD9FCB /* Project object */;
			proxyType = 1;
			remoteGlobalIDString = C81A8C201BB8FC0500FD9FCB;
			remoteInfo = TipCalculator;
		};
/* End PBXContainerItemProxy section */

/* Begin PBXFileReference section */
		C81A8C211BB8FC0500FD9FCB /* TipCalculator.app */ = {isa = PBXFileReference; explicitFileType = wrapper.application; includeInIndex = 0; path = TipCalculator.app; sourceTree = BUILT_PRODUCTS_DIR; };
		C81A8C251BB8FC0500FD9FCB /* Info.plist */ = {isa = PBXFileReference; lastKnownFileType = text.plist.xml; path = Info.plist; sourceTree = "<group>"; };
		C81A8C261BB8FC0500FD9FCB /* main.m */ = {isa = PBXFileReference; lastKnownFileType = sourcecode.c.objc; path = main.m; sourceTree = "<group>"; };
		C81A8C281BB8FC0500FD9FCB /* AppDelegate.h */ = {isa = PBXFileReference; lastKnownFileType = sourcecode.c.h; path = AppDelegate.h; sourceTree = "<group>"; };
		C81A8C291BB8FC0500FD9FCB /* AppDelegate.m */ = {isa = PBXFileReference; lastKnownFileType = sourcecode.c.objc; path = AppDelegate.m; sourceTree = "<group>"; };
		C81A8C2B1BB8FC0500FD9FCB /* ViewController.h */ = {isa = PBXFileReference; lastKnownFileType = sourcecode.c.h; path = ViewController.h; sourceTree = "<group>"; };
		C81A8C2C1BB8FC0500FD9FCB /* ViewController.m */ = {isa = PBXFileReference; lastKnownFileType = sourcecode.c.objc; path = ViewController.m; sourceTree = "<group>"; };
		C81A8C2F1BB8FC0500FD9FCB /* Base */ = {isa = PBXFileReference; lastKnownFileType = file.storyboard; name = Base; path = Base.lproj/Main.storyboard; sourceTree = "<group>"; };
		C81A8C311BB8FC0500FD9FCB /* Images.xcassets */ = {isa = PBXFileReference; lastKnownFileType = folder.assetcatalog; path = Images.xcassets; sourceTree = "<group>"; };
		C81A8C341BB8FC0500FD9FCB /* Base */ = {isa = PBXFileReference; lastKnownFileType = file.xib; name = Base; path = Base.lproj/LaunchScreen.xib; sourceTree = "<group>"; };
		C81A8C3A1BB8FC0500FD9FCB /* TipCalculatorTests.xctest */ = {isa = PBXFileReference; explicitFileType = wrapper.cfbundle; includeInIndex = 0; path = TipCalculatorTests.xctest; sourceTree = BUILT_PRODUCTS_DIR; };
		C81A8C3F1BB8FC0500FD9FCB /* Info.plist */ = {isa = PBXFileReference; lastKnownFileType = text.plist.xml; path = Info.plist; sourceTree = "<group>"; };
		C81A8C401BB8FC0500FD9FCB /* TipCalculatorTests.m */ = {isa = PBXFileReference; lastKnownFileType = sourcecode.c.objc; path = TipCalculatorTests.m; sourceTree = "<group>"; };
		C81A8C4A1BB8FD1500FD9FCB /* TipViewController.h */ = {isa = PBXFileReference; fileEncoding = 4; lastKnownFileType = sourcecode.c.h; path = TipViewController.h; sourceTree = "<group>"; };
		C81A8C4B1BB8FD1500FD9FCB /* TipViewController.m */ = {isa = PBXFileReference; fileEncoding = 4; lastKnownFileType = sourcecode.c.objc; path = TipViewController.m; sourceTree = "<group>"; };
		C81A8C4C1BB8FD1500FD9FCB /* TipViewController.xib */ = {isa = PBXFileReference; fileEncoding = 4; lastKnownFileType = file.xib; path = TipViewController.xib; sourceTree = "<group>"; };
		C83467B51BBE179D004CC0BC /* SettingsViewController.h */ = {isa = PBXFileReference; fileEncoding = 4; lastKnownFileType = sourcecode.c.h; path = SettingsViewController.h; sourceTree = "<group>"; };
		C83467B61BBE179D004CC0BC /* SettingsViewController.m */ = {isa = PBXFileReference; fileEncoding = 4; lastKnownFileType = sourcecode.c.objc; path = SettingsViewController.m; sourceTree = "<group>"; };
		C83467B71BBE179D004CC0BC /* SettingsViewController.xib */ = {isa = PBXFileReference; fileEncoding = 4; lastKnownFileType = file.xib; path = SettingsViewController.xib; sourceTree = "<group>"; };
/* End PBXFileReference section */

/* Begin PBXFrameworksBuildPhase section */
		C81A8C1E1BB8FC0500FD9FCB /* Frameworks */ = {
			isa = PBXFrameworksBuildPhase;
			buildActionMask = 2147483647;
			files = (
			);
			runOnlyForDeploymentPostprocessing = 0;
		};
		C81A8C371BB8FC0500FD9FCB /* Frameworks */ = {
			isa = PBXFrameworksBuildPhase;
			buildActionMask = 2147483647;
			files = (
			);
			runOnlyForDeploymentPostprocessing = 0;
		};
/* End PBXFrameworksBuildPhase section */

/* Begin PBXGroup section */
		C81A8C181BB8FC0500FD9FCB = {
			isa = PBXGroup;
			children = (
				C81A8C231BB8FC0500FD9FCB /* TipCalculator */,
				C81A8C3D1BB8FC0500FD9FCB /* TipCalculatorTests */,
				C81A8C221BB8FC0500FD9FCB /* Products */,
			);
			sourceTree = "<group>";
		};
		C81A8C221BB8FC0500FD9FCB /* Products */ = {
			isa = PBXGroup;
			children = (
				C81A8C211BB8FC0500FD9FCB /* TipCalculator.app */,
				C81A8C3A1BB8FC0500FD9FCB /* TipCalculatorTests.xctest */,
			);
			name = Products;
			sourceTree = "<group>";
		};
		C81A8C231BB8FC0500FD9FCB /* TipCalculator */ = {
			isa = PBXGroup;
			children = (
				C81A8C281BB8FC0500FD9FCB /* AppDelegate.h */,
				C81A8C291BB8FC0500FD9FCB /* AppDelegate.m */,
				C81A8C2B1BB8FC0500FD9FCB /* ViewController.h */,
				C81A8C2C1BB8FC0500FD9FCB /* ViewController.m */,
				C81A8C2E1BB8FC0500FD9FCB /* Main.storyboard */,
				C81A8C311BB8FC0500FD9FCB /* Images.xcassets */,
				C81A8C331BB8FC0500FD9FCB /* LaunchScreen.xib */,
				C81A8C241BB8FC0500FD9FCB /* Supporting Files */,
				C81A8C4A1BB8FD1500FD9FCB /* TipViewController.h */,
				C81A8C4B1BB8FD1500FD9FCB /* TipViewController.m */,
				C81A8C4C1BB8FD1500FD9FCB /* TipViewController.xib */,
				C83467B51BBE179D004CC0BC /* SettingsViewController.h */,
				C83467B61BBE179D004CC0BC /* SettingsViewController.m */,
				C83467B71BBE179D004CC0BC /* SettingsViewController.xib */,
			);
			path = TipCalculator;
			sourceTree = "<group>";
		};
		C81A8C241BB8FC0500FD9FCB /* Supporting Files */ = {
			isa = PBXGroup;
			children = (
				C81A8C251BB8FC0500FD9FCB /* Info.plist */,
				C81A8C261BB8FC0500FD9FCB /* main.m */,
			);
			name = "Supporting Files";
			sourceTree = "<group>";
		};
		C81A8C3D1BB8FC0500FD9FCB /* TipCalculatorTests */ = {
			isa = PBXGroup;
			children = (
				C81A8C401BB8FC0500FD9FCB /* TipCalculatorTests.m */,
				C81A8C3E1BB8FC0500FD9FCB /* Supporting Files */,
			);
			path = TipCalculatorTests;
			sourceTree = "<group>";
		};
		C81A8C3E1BB8FC0500FD9FCB /* Supporting Files */ = {
			isa = PBXGroup;
			children = (
				C81A8C3F1BB8FC0500FD9FCB /* Info.plist */,
			);
			name = "Supporting Files";
			sourceTree = "<group>";
		};
/* End PBXGroup section */

/* Begin PBXNativeTarget section */
		C81A8C201BB8FC0500FD9FCB /* TipCalculator */ = {
			isa = PBXNativeTarget;
			buildConfigurationList = C81A8C441BB8FC0500FD9FCB /* Build configuration list for PBXNativeTarget "TipCalculator" */;
			buildPhases = (
				C81A8C1D1BB8FC0500FD9FCB /* Sources */,
				C81A8C1E1BB8FC0500FD9FCB /* Frameworks */,
				C81A8C1F1BB8FC0500FD9FCB /* Resources */,
			);
			buildRules = (
			);
			dependencies = (
			);
			name = TipCalculator;
			productName = TipCalculator;
			productReference = C81A8C211BB8FC0500FD9FCB /* TipCalculator.app */;
			productType = "com.apple.product-type.application";
		};
		C81A8C391BB8FC0500FD9FCB /* TipCalculatorTests */ = {
			isa = PBXNativeTarget;
			buildConfigurationList = C81A8C471BB8FC0500FD9FCB /* Build configuration list for PBXNativeTarget "TipCalculatorTests" */;
			buildPhases = (
				C81A8C361BB8FC0500FD9FCB /* Sources */,
				C81A8C371BB8FC0500FD9FCB /* Frameworks */,
				C81A8C381BB8FC0500FD9FCB /* Resources */,
			);
			buildRules = (
			);
			dependencies = (
				C81A8C3C1BB8FC0500FD9FCB /* PBXTargetDependency */,
			);
			name = TipCalculatorTests;
			productName = TipCalculatorTests;
			productReference = C81A8C3A1BB8FC0500FD9FCB /* TipCalculatorTests.xctest */;
			productType = "com.apple.product-type.bundle.unit-test";
		};
/* End PBXNativeTarget section */

/* Begin PBXProject section */
		C81A8C191BB8FC0500FD9FCB /* Project object */ = {
			isa = PBXProject;
			attributes = {
				LastUpgradeCheck = 0620;
				ORGANIZATIONNAME = "Alex Lester";
				TargetAttributes = {
					C81A8C201BB8FC0500FD9FCB = {
						CreatedOnToolsVersion = 6.2;
					};
					C81A8C391BB8FC0500FD9FCB = {
						CreatedOnToolsVersion = 6.2;
						TestTargetID = C81A8C201BB8FC0500FD9FCB;
					};
				};
			};
			buildConfigurationList = C81A8C1C1BB8FC0500FD9FCB /* Build configuration list for PBXProject "TipCalculator" */;
			compatibilityVersion = "Xcode 3.2";
			developmentRegion = English;
			hasScannedForEncodings = 0;
			knownRegions = (
				en,
				Base,
			);
			mainGroup = C81A8C181BB8FC0500FD9FCB;
			productRefGroup = C81A8C221BB8FC0500FD9FCB /* Products */;
			projectDirPath = "";
			projectRoot = "";
			targets = (
				C81A8C201BB8FC0500FD9FCB /* TipCalculator */,
				C81A8C391BB8FC0500FD9FCB /* TipCalculatorTests */,
			);
		};
/* End PBXProject section */

/* Begin PBXResourcesBuildPhase section */
		C81A8C1F1BB8FC0500FD9FCB /* Resources */ = {
			isa = PBXResourcesBuildPhase;
			buildActionMask = 2147483647;
			files = (
				C81A8C301BB8FC0500FD9FCB /* Main.storyboard in Resources */,
				C81A8C351BB8FC0500FD9FCB /* LaunchScreen.xib in Resources */,
				C81A8C4E1BB8FD1500FD9FCB /* TipViewController.xib in Resources */,
				C81A8C321BB8FC0500FD9FCB /* Images.xcassets in Resources */,
				C83467B91BBE179D004CC0BC /* SettingsViewController.xib in Resources */,
			);
			runOnlyForDeploymentPostprocessing = 0;
		};
		C81A8C381BB8FC0500FD9FCB /* Resources */ = {
			isa = PBXResourcesBuildPhase;
			buildActionMask = 2147483647;
			files = (
			);
			runOnlyForDeploymentPostprocessing = 0;
		};
/* End PBXResourcesBuildPhase section */

/* Begin PBXSourcesBuildPhase section */
		C81A8C1D1BB8FC0500FD9FCB /* Sources */ = {
			isa = PBXSourcesBuildPhase;
			buildActionMask = 2147483647;
			files = (
				C81A8C2D1BB8FC0500FD9FCB /* ViewController.m in Sources */,
				C81A8C2A1BB8FC0500FD9FCB /* AppDelegate.m in Sources */,
				C83467B81BBE179D004CC0BC /* SettingsViewController.m in Sources */,
				C81A8C4D1BB8FD1500FD9FCB /* TipViewController.m in Sources */,
				C81A8C271BB8FC0500FD9FCB /* main.m in Sources */,
			);
			runOnlyForDeploymentPostprocessing = 0;
		};
		C81A8C361BB8FC0500FD9FCB /* Sources */ = {
			isa = PBXSourcesBuildPhase;
			buildActionMask = 2147483647;
			files = (
				C81A8C411BB8FC0500FD9FCB /* TipCalculatorTests.m in Sources */,
			);
			runOnlyForDeploymentPostprocessing = 0;
		};
/* End PBXSourcesBuildPhase section */

/* Begin PBXTargetDependency section */
		C81A8C3C1BB8FC0500FD9FCB /* PBXTargetDependency */ = {
			isa = PBXTargetDependency;
			target = C81A8C201BB8FC0500FD9FCB /* TipCalculator */;
			targetProxy = C81A8C3B1BB8FC0500FD9FCB /* PBXContainerItemProxy */;
		};
/* End PBXTargetDependency section */

/* Begin PBXVariantGroup section */
		C81A8C2E1BB8FC0500FD9FCB /* Main.storyboard */ = {
			isa = PBXVariantGroup;
			children = (
				C81A8C2F1BB8FC0500FD9FCB /* Base */,
			);
			name = Main.storyboard;
			sourceTree = "<group>";
		};
		C81A8C331BB8FC0500FD9FCB /* LaunchScreen.xib */ = {
			isa = PBXVariantGroup;
			children = (
				C81A8C341BB8FC0500FD9FCB /* Base */,
			);
			name = LaunchScreen.xib;
			sourceTree = "<group>";
		};
/* End PBXVariantGroup section */

/* Begin XCBuildConfiguration section */
		C81A8C421BB8FC0500FD9FCB /* Debug */ = {
			isa = XCBuildConfiguration;
			buildSettings = {
				ALWAYS_SEARCH_USER_PATHS = NO;
				CLANG_CXX_LANGUAGE_STANDARD = "gnu++0x";
				CLANG_CXX_LIBRARY = "libc++";
				CLANG_ENABLE_MODULES = YES;
				CLANG_ENABLE_OBJC_ARC = YES;
				CLANG_WARN_BOOL_CONVERSION = YES;
				CLANG_WARN_CONSTANT_CONVERSION = YES;
				CLANG_WARN_DIRECT_OBJC_ISA_USAGE = YES_ERROR;
				CLANG_WARN_EMPTY_BODY = YES;
				CLANG_WARN_ENUM_CONVERSION = YES;
				CLANG_WARN_INT_CONVERSION = YES;
				CLANG_WARN_OBJC_ROOT_CLASS = YES_ERROR;
				CLANG_WARN_UNREACHABLE_CODE = YES;
				CLANG_WARN__DUPLICATE_METHOD_MATCH = YES;
				"CODE_SIGN_IDENTITY[sdk=iphoneos*]" = "iPhone Developer";
				COPY_PHASE_STRIP = NO;
				ENABLE_STRICT_OBJC_MSGSEND = YES;
				GCC_C_LANGUAGE_STANDARD = gnu99;
				GCC_DYNAMIC_NO_PIC = NO;
				GCC_OPTIMIZATION_LEVEL = 0;
				GCC_PREPROCESSOR_DEFINITIONS = (
					"DEBUG=1",
					"$(inherited)",
				);
				GCC_SYMBOLS_PRIVATE_EXTERN = NO;
				GCC_WARN_64_TO_32_BIT_CONVERSION = YES;
				GCC_WARN_ABOUT_RETURN_TYPE = YES_ERROR;
				GCC_WARN_UNDECLARED_SELECTOR = YES;
				GCC_WARN_UNINITIALIZED_AUTOS = YES_AGGRESSIVE;
				GCC_WARN_UNUSED_FUNCTION = YES;
				GCC_WARN_UNUSED_VARIABLE = YES;
				IPHONEOS_DEPLOYMENT_TARGET = 8.2;
				MTL_ENABLE_DEBUG_INFO = YES;
				ONLY_ACTIVE_ARCH = YES;
				SDKROOT = iphoneos;
				TARGETED_DEVICE_FAMILY = "1,2";
			};
			name = Debug;
		};
		C81A8C431BB8FC0500FD9FCB /* Release */ = {
			isa = XCBuildConfiguration;
			buildSettings = {
				ALWAYS_SEARCH_USER_PATHS = NO;
				CLANG_CXX_LANGUAGE_STANDARD = "gnu++0x";
				CLANG_CXX_LIBRARY = "libc++";
				CLANG_ENABLE_MODULES = YES;
				CLANG_ENABLE_OBJC_ARC = YES;
				CLANG_WARN_BOOL_CONVERSION = YES;
				CLANG_WARN_CONSTANT_CONVERSION = YES;
				CLANG_WARN_DIRECT_OBJC_ISA_USAGE = YES_ERROR;
				CLANG_WARN_EMPTY_BODY = YES;
				CLANG_WARN_ENUM_CONVERSION = YES;
				CLANG_WARN_INT_CONVERSION = YES;
				CLANG_WARN_OBJC_ROOT_CLASS = YES_ERROR;
				CLANG_WARN_UNREACHABLE_CODE = YES;
				CLANG_WARN__DUPLICATE_METHOD_MATCH = YES;
				"CODE_SIGN_IDENTITY[sdk=iphoneos*]" = "iPhone Developer";
				COPY_PHASE_STRIP = NO;
				ENABLE_NS_ASSERTIONS = NO;
				ENABLE_STRICT_OBJC_MSGSEND = YES;
				GCC_C_LANGUAGE_STANDARD = gnu99;
				GCC_WARN_64_TO_32_BIT_CONVERSION = YES;
				GCC_WARN_ABOUT_RETURN_TYPE = YES_ERROR;
				GCC_WARN_UNDECLARED_SELECTOR = YES;
				GCC_WARN_UNINITIALIZED_AUTOS = YES_AGGRESSIVE;
				GCC_WARN_UNUSED_FUNCTION = YES;
				GCC_WARN_UNUSED_VARIABLE = YES;
				IPHONEOS_DEPLOYMENT_TARGET = 8.2;
				MTL_ENABLE_DEBUG_INFO = NO;
				SDKROOT = iphoneos;
				TARGETED_DEVICE_FAMILY = "1,2";
				VALIDATE_PRODUCT = YES;
			};
			name = Release;
		};
		C81A8C451BB8FC0500FD9FCB /* Debug */ = {
			isa = XCBuildConfiguration;
			buildSettings = {
				ASSETCATALOG_COMPILER_APPICON_NAME = AppIcon;
				INFOPLIST_FILE = TipCalculator/Info.plist;
				IPHONEOS_DEPLOYMENT_TARGET = 6.0;
				LD_RUNPATH_SEARCH_PATHS = "$(inherited) @executable_path/Frameworks";
				PRODUCT_NAME = "$(TARGET_NAME)";
				TARGETED_DEVICE_FAMILY = 1;
			};
			name = Debug;
		};
		C81A8C461BB8FC0500FD9FCB /* Release */ = {
			isa = XCBuildConfiguration;
			buildSettings = {
				ASSETCATALOG_COMPILER_APPICON_NAME = AppIcon;
				INFOPLIST_FILE = TipCalculator/Info.plist;
				IPHONEOS_DEPLOYMENT_TARGET = 6.0;
				LD_RUNPATH_SEARCH_PATHS = "$(inherited) @executable_path/Frameworks";
				PRODUCT_NAME = "$(TARGET_NAME)";
				TARGETED_DEVICE_FAMILY = 1;
			};
			name = Release;
		};
		C81A8C481BB8FC0500FD9FCB /* Debug */ = {
			isa = XCBuildConfiguration;
			buildSettings = {
				BUNDLE_LOADER = "$(TEST_HOST)";
				FRAMEWORK_SEARCH_PATHS = (
					"$(SDKROOT)/Developer/Library/Frameworks",
					"$(inherited)",
				);
				GCC_PREPROCESSOR_DEFINITIONS = (
					"DEBUG=1",
					"$(inherited)",
				);
				INFOPLIST_FILE = TipCalculatorTests/Info.plist;
				LD_RUNPATH_SEARCH_PATHS = "$(inherited) @executable_path/Frameworks @loader_path/Frameworks";
				PRODUCT_NAME = "$(TARGET_NAME)";
				TEST_HOST = "$(BUILT_PRODUCTS_DIR)/TipCalculator.app/TipCalculator";
			};
			name = Debug;
		};
		C81A8C491BB8FC0500FD9FCB /* Release */ = {
			isa = XCBuildConfiguration;
			buildSettings = {
				BUNDLE_LOADER = "$(TEST_HOST)";
				FRAMEWORK_SEARCH_PATHS = (
					"$(SDKROOT)/Developer/Library/Frameworks",
					"$(inherited)",
				);
				INFOPLIST_FILE = TipCalculatorTests/Info.plist;
				LD_RUNPATH_SEARCH_PATHS = "$(inherited) @executable_path/Frameworks @loader_path/Frameworks";
				PRODUCT_NAME = "$(TARGET_NAME)";
				TEST_HOST = "$(BUILT_PRODUCTS_DIR)/TipCalculator.app/TipCalculator";
			};
			name = Release;
		};
/* End XCBuildConfiguration section */

/* Begin XCConfigurationList section */
		C81A8C1C1BB8FC0500FD9FCB /* Build configuration list for PBXProject "TipCalculator" */ = {
			isa = XCConfigurationList;
			buildConfigurations = (
				C81A8C421BB8FC0500FD9FCB /* Debug */,
				C81A8C431BB8FC0500FD9FCB /* Release */,
			);
			defaultConfigurationIsVisible = 0;
			defaultConfigurationName = Release;
		};
		C81A8C441BB8FC0500FD9FCB /* Build configuration list for PBXNativeTarget "TipCalculator" */ = {
			isa = XCConfigurationList;
			buildConfigurations = (
				C81A8C451BB8FC0500FD9FCB /* Debug */,
				C81A8C461BB8FC0500FD9FCB /* Release */,
			);
			defaultConfigurationIsVisible = 0;
			defaultConfigurationName = Release;
		};
		C81A8C471BB8FC0500FD9FCB /* Build configuration list for PBXNativeTarget "TipCalculatorTests" */ = {
			isa = XCConfigurationList;
			buildConfigurations = (
				C81A8C481BB8FC0500FD9FCB /* Debug */,
				C81A8C491BB8FC0500FD9FCB /* Release */,
			);
			defaultConfigurationIsVisible = 0;
			defaultConfigurationName = Release;
		};
/* End XCConfigurationList section */
	};
	rootObject = C81A8C191BB8FC0500FD9FCB /* Project object */;
}
